// !$*UTF8*$!
{
	archiveVersion = 1;
	classes = {
	};
	objectVersion = 46;
	objects = {

/* Begin PBXBuildFile section */
		56FF9DEC1EAF3D9E00A7A958 /* AppDelegate.swift in Sources */ = {isa = PBXBuildFile; fileRef = 56FF9DEB1EAF3D9E00A7A958 /* AppDelegate.swift */; };
		56FF9DEE1EAF3D9E00A7A958 /* ViewController.swift in Sources */ = {isa = PBXBuildFile; fileRef = 56FF9DED1EAF3D9E00A7A958 /* ViewController.swift */; };
		56FF9DF11EAF3D9E00A7A958 /* Main.storyboard in Resources */ = {isa = PBXBuildFile; fileRef = 56FF9DEF1EAF3D9E00A7A958 /* Main.storyboard */; };
		56FF9DF31EAF3D9E00A7A958 /* Assets.xcassets in Resources */ = {isa = PBXBuildFile; fileRef = 56FF9DF21EAF3D9E00A7A958 /* Assets.xcassets */; };
		56FF9DF61EAF3D9E00A7A958 /* LaunchScreen.storyboard in Resources */ = {isa = PBXBuildFile; fileRef = 56FF9DF41EAF3D9E00A7A958 /* LaunchScreen.storyboard */; };
		56FF9E011EAF3D9E00A7A958 /* XLXContactTests.swift in Sources */ = {isa = PBXBuildFile; fileRef = 56FF9E001EAF3D9E00A7A958 /* XLXContactTests.swift */; };
		56FF9E0C1EAF3D9E00A7A958 /* XLXContactUITests.swift in Sources */ = {isa = PBXBuildFile; fileRef = 56FF9E0B1EAF3D9E00A7A958 /* XLXContactUITests.swift */; };
		56FF9E1A1EAF3DAD00A7A958 /* XLXContact.swift in Sources */ = {isa = PBXBuildFile; fileRef = 56FF9E191EAF3DAD00A7A958 /* XLXContact.swift */; };
/* End PBXBuildFile section */

/* Begin PBXContainerItemProxy section */
		56FF9DFD1EAF3D9E00A7A958 /* PBXContainerItemProxy */ = {
			isa = PBXContainerItemProxy;
			containerPortal = 56FF9DE01EAF3D9E00A7A958 /* Project object */;
			proxyType = 1;
			remoteGlobalIDString = 56FF9DE71EAF3D9E00A7A958;
			remoteInfo = XLXContact;
		};
		56FF9E081EAF3D9E00A7A958 /* PBXContainerItemProxy */ = {
			isa = PBXContainerItemProxy;
			containerPortal = 56FF9DE01EAF3D9E00A7A958 /* Project object */;
			proxyType = 1;
			remoteGlobalIDString = 56FF9DE71EAF3D9E00A7A958;
			remoteInfo = XLXContact;
		};
/* End PBXContainerItemProxy section */

/* Begin PBXFileReference section */
		56FF9DE81EAF3D9E00A7A958 /* XLXContact.app */ = {isa = PBXFileReference; explicitFileType = wrapper.application; includeInIndex = 0; path = XLXContact.app; sourceTree = BUILT_PRODUCTS_DIR; };
		56FF9DEB1EAF3D9E00A7A958 /* AppDelegate.swift */ = {isa = PBXFileReference; lastKnownFileType = sourcecode.swift; path = AppDelegate.swift; sourceTree = "<group>"; };
		56FF9DED1EAF3D9E00A7A958 /* ViewController.swift */ = {isa = PBXFileReference; lastKnownFileType = sourcecode.swift; path = ViewController.swift; sourceTree = "<group>"; };
		56FF9DF01EAF3D9E00A7A958 /* Base */ = {isa = PBXFileReference; lastKnownFileType = file.storyboard; name = Base; path = Base.lproj/Main.storyboard; sourceTree = "<group>"; };
		56FF9DF21EAF3D9E00A7A958 /* Assets.xcassets */ = {isa = PBXFileReference; lastKnownFileType = folder.assetcatalog; path = Assets.xcassets; sourceTree = "<group>"; };
		56FF9DF51EAF3D9E00A7A958 /* Base */ = {isa = PBXFileReference; lastKnownFileType = file.storyboard; name = Base; path = Base.lproj/LaunchScreen.storyboard; sourceTree = "<group>"; };
		56FF9DF71EAF3D9E00A7A958 /* Info.plist */ = {isa = PBXFileReference; lastKnownFileType = text.plist.xml; path = Info.plist; sourceTree = "<group>"; };
		56FF9DFC1EAF3D9E00A7A958 /* XLXContactTests.xctest */ = {isa = PBXFileReference; explicitFileType = wrapper.cfbundle; includeInIndex = 0; path = XLXContactTests.xctest; sourceTree = BUILT_PRODUCTS_DIR; };
		56FF9E001EAF3D9E00A7A958 /* XLXContactTests.swift */ = {isa = PBXFileReference; lastKnownFileType = sourcecode.swift; path = XLXContactTests.swift; sourceTree = "<group>"; };
		56FF9E021EAF3D9E00A7A958 /* Info.plist */ = {isa = PBXFileReference; lastKnownFileType = text.plist.xml; path = Info.plist; sourceTree = "<group>"; };
		56FF9E071EAF3D9E00A7A958 /* XLXContactUITests.xctest */ = {isa = PBXFileReference; explicitFileType = wrapper.cfbundle; includeInIndex = 0; path = XLXContactUITests.xctest; sourceTree = BUILT_PRODUCTS_DIR; };
		56FF9E0B1EAF3D9E00A7A958 /* XLXContactUITests.swift */ = {isa = PBXFileReference; lastKnownFileType = sourcecode.swift; path = XLXContactUITests.swift; sourceTree = "<group>"; };
		56FF9E0D1EAF3D9E00A7A958 /* Info.plist */ = {isa = PBXFileReference; lastKnownFileType = text.plist.xml; path = Info.plist; sourceTree = "<group>"; };
		56FF9E191EAF3DAD00A7A958 /* XLXContact.swift */ = {isa = PBXFileReference; fileEncoding = 4; lastKnownFileType = sourcecode.swift; path = XLXContact.swift; sourceTree = "<group>"; };
/* End PBXFileReference section */

/* Begin PBXFrameworksBuildPhase section */
		56FF9DE51EAF3D9E00A7A958 /* Frameworks */ = {
			isa = PBXFrameworksBuildPhase;
			buildActionMask = 2147483647;
			files = (
			);
			runOnlyForDeploymentPostprocessing = 0;
		};
		56FF9DF91EAF3D9E00A7A958 /* Frameworks */ = {
			isa = PBXFrameworksBuildPhase;
			buildActionMask = 2147483647;
			files = (
			);
			runOnlyForDeploymentPostprocessing = 0;
		};
		56FF9E041EAF3D9E00A7A958 /* Frameworks */ = {
			isa = PBXFrameworksBuildPhase;
			buildActionMask = 2147483647;
			files = (
			);
			runOnlyForDeploymentPostprocessing = 0;
		};
/* End PBXFrameworksBuildPhase section */

/* Begin PBXGroup section */
		56FF9DDF1EAF3D9E00A7A958 = {
			isa = PBXGroup;
			children = (
				56FF9DEA1EAF3D9E00A7A958 /* XLXContact */,
				56FF9DFF1EAF3D9E00A7A958 /* XLXContactTests */,
				56FF9E0A1EAF3D9E00A7A958 /* XLXContactUITests */,
				56FF9DE91EAF3D9E00A7A958 /* Products */,
			);
			sourceTree = "<group>";
		};
		56FF9DE91EAF3D9E00A7A958 /* Products */ = {
			isa = PBXGroup;
			children = (
				56FF9DE81EAF3D9E00A7A958 /* XLXContact.app */,
				56FF9DFC1EAF3D9E00A7A958 /* XLXContactTests.xctest */,
				56FF9E071EAF3D9E00A7A958 /* XLXContactUITests.xctest */,
			);
			name = Products;
			sourceTree = "<group>";
		};
		56FF9DEA1EAF3D9E00A7A958 /* XLXContact */ = {
			isa = PBXGroup;
			children = (
				56FF9E191EAF3DAD00A7A958 /* XLXContact.swift */,
				56FF9DEB1EAF3D9E00A7A958 /* AppDelegate.swift */,
				56FF9DED1EAF3D9E00A7A958 /* ViewController.swift */,
				56FF9DEF1EAF3D9E00A7A958 /* Main.storyboard */,
				56FF9DF21EAF3D9E00A7A958 /* Assets.xcassets */,
				56FF9DF41EAF3D9E00A7A958 /* LaunchScreen.storyboard */,
				56FF9DF71EAF3D9E00A7A958 /* Info.plist */,
			);
			path = XLXContact;
			sourceTree = "<group>";
		};
		56FF9DFF1EAF3D9E00A7A958 /* XLXContactTests */ = {
			isa = PBXGroup;
			children = (
				56FF9E001EAF3D9E00A7A958 /* XLXContactTests.swift */,
				56FF9E021EAF3D9E00A7A958 /* Info.plist */,
			);
			path = XLXContactTests;
			sourceTree = "<group>";
		};
		56FF9E0A1EAF3D9E00A7A958 /* XLXContactUITests */ = {
			isa = PBXGroup;
			children = (
				56FF9E0B1EAF3D9E00A7A958 /* XLXContactUITests.swift */,
				56FF9E0D1EAF3D9E00A7A958 /* Info.plist */,
			);
			path = XLXContactUITests;
			sourceTree = "<group>";
		};
/* End PBXGroup section */

/* Begin PBXNativeTarget section */
		56FF9DE71EAF3D9E00A7A958 /* XLXContact */ = {
			isa = PBXNativeTarget;
			buildConfigurationList = 56FF9E101EAF3D9E00A7A958 /* Build configuration list for PBXNativeTarget "XLXContact" */;
			buildPhases = (
				56FF9DE41EAF3D9E00A7A958 /* Sources */,
				56FF9DE51EAF3D9E00A7A958 /* Frameworks */,
				56FF9DE61EAF3D9E00A7A958 /* Resources */,
			);
			buildRules = (
			);
			dependencies = (
			);
			name = XLXContact;
			productName = XLXContact;
			productReference = 56FF9DE81EAF3D9E00A7A958 /* XLXContact.app */;
			productType = "com.apple.product-type.application";
		};
		56FF9DFB1EAF3D9E00A7A958 /* XLXContactTests */ = {
			isa = PBXNativeTarget;
			buildConfigurationList = 56FF9E131EAF3D9E00A7A958 /* Build configuration list for PBXNativeTarget "XLXContactTests" */;
			buildPhases = (
				56FF9DF81EAF3D9E00A7A958 /* Sources */,
				56FF9DF91EAF3D9E00A7A958 /* Frameworks */,
				56FF9DFA1EAF3D9E00A7A958 /* Resources */,
			);
			buildRules = (
			);
			dependencies = (
				56FF9DFE1EAF3D9E00A7A958 /* PBXTargetDependency */,
			);
			name = XLXContactTests;
			productName = XLXContactTests;
			productReference = 56FF9DFC1EAF3D9E00A7A958 /* XLXContactTests.xctest */;
			productType = "com.apple.product-type.bundle.unit-test";
		};
		56FF9E061EAF3D9E00A7A958 /* XLXContactUITests */ = {
			isa = PBXNativeTarget;
			buildConfigurationList = 56FF9E161EAF3D9E00A7A958 /* Build configuration list for PBXNativeTarget "XLXContactUITests" */;
			buildPhases = (
				56FF9E031EAF3D9E00A7A958 /* Sources */,
				56FF9E041EAF3D9E00A7A958 /* Frameworks */,
				56FF9E051EAF3D9E00A7A958 /* Resources */,
			);
			buildRules = (
			);
			dependencies = (
				56FF9E091EAF3D9E00A7A958 /* PBXTargetDependency */,
			);
			name = XLXContactUITests;
			productName = XLXContactUITests;
			productReference = 56FF9E071EAF3D9E00A7A958 /* XLXContactUITests.xctest */;
			productType = "com.apple.product-type.bundle.ui-testing";
		};
/* End PBXNativeTarget section */

/* Begin PBXProject section */
		56FF9DE01EAF3D9E00A7A958 /* Project object */ = {
			isa = PBXProject;
			attributes = {
				LastSwiftUpdateCheck = 0830;
				LastUpgradeCheck = 0830;
				ORGANIZATIONNAME = charles;
				TargetAttributes = {
					56FF9DE71EAF3D9E00A7A958 = {
						CreatedOnToolsVersion = 8.3.2;
						ProvisioningStyle = Automatic;
					};
					56FF9DFB1EAF3D9E00A7A958 = {
						CreatedOnToolsVersion = 8.3.2;
						ProvisioningStyle = Automatic;
						TestTargetID = 56FF9DE71EAF3D9E00A7A958;
					};
					56FF9E061EAF3D9E00A7A958 = {
						CreatedOnToolsVersion = 8.3.2;
						ProvisioningStyle = Automatic;
						TestTargetID = 56FF9DE71EAF3D9E00A7A958;
					};
				};
			};
			buildConfigurationList = 56FF9DE31EAF3D9E00A7A958 /* Build configuration list for PBXProject "XLXContact" */;
			compatibilityVersion = "Xcode 3.2";
			developmentRegion = English;
			hasScannedForEncodings = 0;
			knownRegions = (
				en,
				Base,
			);
			mainGroup = 56FF9DDF1EAF3D9E00A7A958;
			productRefGroup = 56FF9DE91EAF3D9E00A7A958 /* Products */;
			projectDirPath = "";
			projectRoot = "";
			targets = (
				56FF9DE71EAF3D9E00A7A958 /* XLXContact */,
				56FF9DFB1EAF3D9E00A7A958 /* XLXContactTests */,
				56FF9E061EAF3D9E00A7A958 /* XLXContactUITests */,
			);
		};
/* End PBXProject section */

/* Begin PBXResourcesBuildPhase section */
		56FF9DE61EAF3D9E00A7A958 /* Resources */ = {
			isa = PBXResourcesBuildPhase;
			buildActionMask = 2147483647;
			files = (
				56FF9DF61EAF3D9E00A7A958 /* LaunchScreen.storyboard in Resources */,
				56FF9DF31EAF3D9E00A7A958 /* Assets.xcassets in Resources */,
				56FF9DF11EAF3D9E00A7A958 /* Main.storyboard in Resources */,
			);
			runOnlyForDeploymentPostprocessing = 0;
		};
		56FF9DFA1EAF3D9E00A7A958 /* Resources */ = {
			isa = PBXResourcesBuildPhase;
			buildActionMask = 2147483647;
			files = (
			);
			runOnlyForDeploymentPostprocessing = 0;
		};
		56FF9E051EAF3D9E00A7A958 /* Resources */ = {
			isa = PBXResourcesBuildPhase;
			buildActionMask = 2147483647;
			files = (
			);
			runOnlyForDeploymentPostprocessing = 0;
		};
/* End PBXResourcesBuildPhase section */

/* Begin PBXSourcesBuildPhase section */
		56FF9DE41EAF3D9E00A7A958 /* Sources */ = {
			isa = PBXSourcesBuildPhase;
			buildActionMask = 2147483647;
			files = (
				56FF9E1A1EAF3DAD00A7A958 /* XLXContact.swift in Sources */,
				56FF9DEE1EAF3D9E00A7A958 /* ViewController.swift in Sources */,
				56FF9DEC1EAF3D9E00A7A958 /* AppDelegate.swift in Sources */,
			);
			runOnlyForDeploymentPostprocessing = 0;
		};
		56FF9DF81EAF3D9E00A7A958 /* Sources */ = {
			isa = PBXSourcesBuildPhase;
			buildActionMask = 2147483647;
			files = (
				56FF9E011EAF3D9E00A7A958 /* XLXContactTests.swift in Sources */,
			);
			runOnlyForDeploymentPostprocessing = 0;
		};
		56FF9E031EAF3D9E00A7A958 /* Sources */ = {
			isa = PBXSourcesBuildPhase;
			buildActionMask = 2147483647;
			files = (
				56FF9E0C1EAF3D9E00A7A958 /* XLXContactUITests.swift in Sources */,
			);
			runOnlyForDeploymentPostprocessing = 0;
		};
/* End PBXSourcesBuildPhase section */

/* Begin PBXTargetDependency section */
		56FF9DFE1EAF3D9E00A7A958 /* PBXTargetDependency */ = {
			isa = PBXTargetDependency;
			target = 56FF9DE71EAF3D9E00A7A958 /* XLXContact */;
			targetProxy = 56FF9DFD1EAF3D9E00A7A958 /* PBXContainerItemProxy */;
		};
		56FF9E091EAF3D9E00A7A958 /* PBXTargetDependency */ = {
			isa = PBXTargetDependency;
			target = 56FF9DE71EAF3D9E00A7A958 /* XLXContact */;
			targetProxy = 56FF9E081EAF3D9E00A7A958 /* PBXContainerItemProxy */;
		};
/* End PBXTargetDependency section */

/* Begin PBXVariantGroup section */
		56FF9DEF1EAF3D9E00A7A958 /* Main.storyboard */ = {
			isa = PBXVariantGroup;
			children = (
				56FF9DF01EAF3D9E00A7A958 /* Base */,
			);
			name = Main.storyboard;
			sourceTree = "<group>";
		};
		56FF9DF41EAF3D9E00A7A958 /* LaunchScreen.storyboard */ = {
			isa = PBXVariantGroup;
			children = (
				56FF9DF51EAF3D9E00A7A958 /* Base */,
			);
			name = LaunchScreen.storyboard;
			sourceTree = "<group>";
		};
/* End PBXVariantGroup section */

/* Begin XCBuildConfiguration section */
		56FF9E0E1EAF3D9E00A7A958 /* Debug */ = {
			isa = XCBuildConfiguration;
			buildSettings = {
				ALWAYS_SEARCH_USER_PATHS = NO;
				CLANG_ANALYZER_NONNULL = YES;
				CLANG_ANALYZER_NUMBER_OBJECT_CONVERSION = YES_AGGRESSIVE;
				CLANG_CXX_LANGUAGE_STANDARD = "gnu++0x";
				CLANG_CXX_LIBRARY = "libc++";
				CLANG_ENABLE_MODULES = YES;
				CLANG_ENABLE_OBJC_ARC = YES;
				CLANG_WARN_BOOL_CONVERSION = YES;
				CLANG_WARN_CONSTANT_CONVERSION = YES;
				CLANG_WARN_DIRECT_OBJC_ISA_USAGE = YES_ERROR;
				CLANG_WARN_DOCUMENTATION_COMMENTS = YES;
				CLANG_WARN_EMPTY_BODY = YES;
				CLANG_WARN_ENUM_CONVERSION = YES;
				CLANG_WARN_INFINITE_RECURSION = YES;
				CLANG_WARN_INT_CONVERSION = YES;
				CLANG_WARN_OBJC_ROOT_CLASS = YES_ERROR;
				CLANG_WARN_SUSPICIOUS_MOVE = YES;
				CLANG_WARN_UNREACHABLE_CODE = YES;
				CLANG_WARN__DUPLICATE_METHOD_MATCH = YES;
				"CODE_SIGN_IDENTITY[sdk=iphoneos*]" = "iPhone Developer";
				COPY_PHASE_STRIP = NO;
				DEBUG_INFORMATION_FORMAT = dwarf;
				ENABLE_STRICT_OBJC_MSGSEND = YES;
				ENABLE_TESTABILITY = YES;
				GCC_C_LANGUAGE_STANDARD = gnu99;
				GCC_DYNAMIC_NO_PIC = NO;
				GCC_NO_COMMON_BLOCKS = YES;
				GCC_OPTIMIZATION_LEVEL = 0;
				GCC_PREPROCESSOR_DEFINITIONS = (
					"DEBUG=1",
					"$(inherited)",
				);
				GCC_WARN_64_TO_32_BIT_CONVERSION = YES;
				GCC_WARN_ABOUT_RETURN_TYPE = YES_ERROR;
				GCC_WARN_UNDECLARED_SELECTOR = YES;
				GCC_WARN_UNINITIALIZED_AUTOS = YES_AGGRESSIVE;
				GCC_WARN_UNUSED_FUNCTION = YES;
				GCC_WARN_UNUSED_VARIABLE = YES;
				IPHONEOS_DEPLOYMENT_TARGET = 10.3;
				MTL_ENABLE_DEBUG_INFO = YES;
				ONLY_ACTIVE_ARCH = YES;
				SDKROOT = iphoneos;
				SWIFT_ACTIVE_COMPILATION_CONDITIONS = DEBUG;
				SWIFT_OPTIMIZATION_LEVEL = "-Onone";
				TARGETED_DEVICE_FAMILY = "1,2";
			};
			name = Debug;
		};
		56FF9E0F1EAF3D9E00A7A958 /* Release */ = {
			isa = XCBuildConfiguration;
			buildSettings = {
				ALWAYS_SEARCH_USER_PATHS = NO;
				CLANG_ANALYZER_NONNULL = YES;
				CLANG_ANALYZER_NUMBER_OBJECT_CONVERSION = YES_AGGRESSIVE;
				CLANG_CXX_LANGUAGE_STANDARD = "gnu++0x";
				CLANG_CXX_LIBRARY = "libc++";
				CLANG_ENABLE_MODULES = YES;
				CLANG_ENABLE_OBJC_ARC = YES;
				CLANG_WARN_BOOL_CONVERSION = YES;
				CLANG_WARN_CONSTANT_CONVERSION = YES;
				CLANG_WARN_DIRECT_OBJC_ISA_USAGE = YES_ERROR;
				CLANG_WARN_DOCUMENTATION_COMMENTS = YES;
				CLANG_WARN_EMPTY_BODY = YES;
				CLANG_WARN_ENUM_CONVERSION = YES;
				CLANG_WARN_INFINITE_RECURSION = YES;
				CLANG_WARN_INT_CONVERSION = YES;
				CLANG_WARN_OBJC_ROOT_CLASS = YES_ERROR;
				CLANG_WARN_SUSPICIOUS_MOVE = YES;
				CLANG_WARN_UNREACHABLE_CODE = YES;
				CLANG_WARN__DUPLICATE_METHOD_MATCH = YES;
				"CODE_SIGN_IDENTITY[sdk=iphoneos*]" = "iPhone Developer";
				COPY_PHASE_STRIP = NO;
				DEBUG_INFORMATION_FORMAT = "dwarf-with-dsym";
				ENABLE_NS_ASSERTIONS = NO;
				ENABLE_STRICT_OBJC_MSGSEND = YES;
				GCC_C_LANGUAGE_STANDARD = gnu99;
				GCC_NO_COMMON_BLOCKS = YES;
				GCC_WARN_64_TO_32_BIT_CONVERSION = YES;
				GCC_WARN_ABOUT_RETURN_TYPE = YES_ERROR;
				GCC_WARN_UNDECLARED_SELECTOR = YES;
				GCC_WARN_UNINITIALIZED_AUTOS = YES_AGGRESSIVE;
				GCC_WARN_UNUSED_FUNCTION = YES;
				GCC_WARN_UNUSED_VARIABLE = YES;
				IPHONEOS_DEPLOYMENT_TARGET = 10.3;
				MTL_ENABLE_DEBUG_INFO = NO;
				SDKROOT = iphoneos;
				SWIFT_OPTIMIZATION_LEVEL = "-Owholemodule";
				TARGETED_DEVICE_FAMILY = "1,2";
				VALIDATE_PRODUCT = YES;
			};
			name = Release;
		};
		56FF9E111EAF3D9E00A7A958 /* Debug */ = {
			isa = XCBuildConfiguration;
			buildSettings = {
				ASSETCATALOG_COMPILER_APPICON_NAME = AppIcon;
				INFOPLIST_FILE = XLXContact/Info.plist;
				IPHONEOS_DEPLOYMENT_TARGET = 8.0;
				LD_RUNPATH_SEARCH_PATHS = "$(inherited) @executable_path/Frameworks";
				PRODUCT_BUNDLE_IDENTIFIER = charles.XLXContact;
				PRODUCT_NAME = "$(TARGET_NAME)";
				SWIFT_VERSION = 3.0;
			};
			name = Debug;
		};
		56FF9E121EAF3D9E00A7A958 /* Release */ = {
			isa = XCBuildConfiguration;
			buildSettings = {
				ASSETCATALOG_COMPILER_APPICON_NAME = AppIcon;
				INFOPLIST_FILE = XLXContact/Info.plist;
				IPHONEOS_DEPLOYMENT_TARGET = 8.0;
				LD_RUNPATH_SEARCH_PATHS = "$(inherited) @executable_path/Frameworks";
				PRODUCT_BUNDLE_IDENTIFIER = charles.XLXContact;
				PRODUCT_NAME = "$(TARGET_NAME)";
				SWIFT_VERSION = 3.0;
			};
			name = Release;
		};
		56FF9E141EAF3D9E00A7A958 /* Debug */ = {
			isa = XCBuildConfiguration;
			buildSettings = {
				ALWAYS_EMBED_SWIFT_STANDARD_LIBRARIES = YES;
				BUNDLE_LOADER = "$(TEST_HOST)";
				INFOPLIST_FILE = XLXContactTests/Info.plist;
				LD_RUNPATH_SEARCH_PATHS = "$(inherited) @executable_path/Frameworks @loader_path/Frameworks";
				PRODUCT_BUNDLE_IDENTIFIER = charles.XLXContactTests;
				PRODUCT_NAME = "$(TARGET_NAME)";
				SWIFT_VERSION = 3.0;
				TEST_HOST = "$(BUILT_PRODUCTS_DIR)/XLXContact.app/XLXContact";
			};
			name = Debug;
		};
		56FF9E151EAF3D9E00A7A958 /* Release */ = {
			isa = XCBuildConfiguration;
			buildSettings = {
				ALWAYS_EMBED_SWIFT_STANDARD_LIBRARIES = YES;
				BUNDLE_LOADER = "$(TEST_HOST)";
				INFOPLIST_FILE = XLXContactTests/Info.plist;
				LD_RUNPATH_SEARCH_PATHS = "$(inherited) @executable_path/Frameworks @loader_path/Frameworks";
				PRODUCT_BUNDLE_IDENTIFIER = charles.XLXContactTests;
				PRODUCT_NAME = "$(TARGET_NAME)";
				SWIFT_VERSION = 3.0;
				TEST_HOST = "$(BUILT_PRODUCTS_DIR)/XLXContact.app/XLXContact";
			};
			name = Release;
		};
		56FF9E171EAF3D9E00A7A958 /* Debug */ = {
			isa = XCBuildConfiguration;
			buildSettings = {
				ALWAYS_EMBED_SWIFT_STANDARD_LIBRARIES = YES;
				INFOPLIST_FILE = XLXContactUITests/Info.plist;
				LD_RUNPATH_SEARCH_PATHS = "$(inherited) @executable_path/Frameworks @loader_path/Frameworks";
				PRODUCT_BUNDLE_IDENTIFIER = charles.XLXContactUITests;
				PRODUCT_NAME = "$(TARGET_NAME)";
				SWIFT_VERSION = 3.0;
				TEST_TARGET_NAME = XLXContact;
			};
			name = Debug;
		};
		56FF9E181EAF3D9E00A7A958 /* Release */ = {
			isa = XCBuildConfiguration;
			buildSettings = {
				ALWAYS_EMBED_SWIFT_STANDARD_LIBRARIES = YES;
				INFOPLIST_FILE = XLXContactUITests/Info.plist;
				LD_RUNPATH_SEARCH_PATHS = "$(inherited) @executable_path/Frameworks @loader_path/Frameworks";
				PRODUCT_BUNDLE_IDENTIFIER = charles.XLXContactUITests;
				PRODUCT_NAME = "$(TARGET_NAME)";
				SWIFT_VERSION = 3.0;
				TEST_TARGET_NAME = XLXContact;
			};
			name = Release;
		};
/* End XCBuildConfiguration section */

/* Begin XCConfigurationList section */
		56FF9DE31EAF3D9E00A7A958 /* Build configuration list for PBXProject "XLXContact" */ = {
			isa = XCConfigurationList;
			buildConfigurations = (
				56FF9E0E1EAF3D9E00A7A958 /* Debug */,
				56FF9E0F1EAF3D9E00A7A958 /* Release */,
			);
			defaultConfigurationIsVisible = 0;
			defaultConfigurationName = Release;
		};
		56FF9E101EAF3D9E00A7A958 /* Build configuration list for PBXNativeTarget "XLXContact" */ = {
			isa = XCConfigurationList;
			buildConfigurations = (
				56FF9E111EAF3D9E00A7A958 /* Debug */,
				56FF9E121EAF3D9E00A7A958 /* Release */,
			);
			defaultConfigurationIsVisible = 0;
			defaultConfigurationName = Release;
		};
		56FF9E131EAF3D9E00A7A958 /* Build configuration list for PBXNativeTarget "XLXContactTests" */ = {
			isa = XCConfigurationList;
			buildConfigurations = (
				56FF9E141EAF3D9E00A7A958 /* Debug */,
				56FF9E151EAF3D9E00A7A958 /* Release */,
			);
			defaultConfigurationIsVisible = 0;
			defaultConfigurationName = Release;
		};
		56FF9E161EAF3D9E00A7A958 /* Build configuration list for PBXNativeTarget "XLXContactUITests" */ = {
			isa = XCConfigurationList;
			buildConfigurations = (
				56FF9E171EAF3D9E00A7A958 /* Debug */,
				56FF9E181EAF3D9E00A7A958 /* Release */,
			);
			defaultConfigurationIsVisible = 0;
			defaultConfigurationName = Release;
		};
/* End XCConfigurationList section */
	};
	rootObject = 56FF9DE01EAF3D9E00A7A958 /* Project object */;
}
